
Microsoft Visual Studio Solution File, Format Version 12.00
# Visual Studio Version 17
VisualStudioVersion = 17.4.33213.308
MinimumVisualStudioVersion = 10.0.40219.1
Project("{FAE04EC0-301F-11D3-BF4B-00C04F79EFBC}") = "EmployeeManagement", "EmployeeManagement\EmployeeManagement.csproj", "{888FDCD4-7D5B-4043-9679-41A1216FDDB2}"
EndProject
Project("{FAE04EC0-301F-11D3-BF4B-00C04F79EFBC}") = "EmployeeManagement.Common", "EmployeeSystem.Common\EmployeeManagement.Common.csproj", "{7D91F0B6-0A28-4DA9-BC69-048A80B53BEF}"
EndProject
Project("{FAE04EC0-301F-11D3-BF4B-00C04F79EFBC}") = "EmployeeManagement.DataAccess", "EmployeeSystem.DataAccess\EmployeeManagement.DataAccess.csproj", "{9CD2E8FC-A140-4FB9-9C6D-8D25C919B94C}"
EndProject
Project("{FAE04EC0-301F-11D3-BF4B-00C04F79EFBC}") = "EmployeeManagement.DataAccess.Common", "AttendanceSystem.DataAccess.Common\EmployeeManagement.DataAccess.Common.csproj", "{2838A6E4-6FEB-42B9-858C-90065D36FA2D}"
EndProject
Project("{FAE04EC0-301F-11D3-BF4B-00C04F79EFBC}") = "EmployeeSystem.Services", "EmployeeSystem.Services\EmployeeSystem.Services.csproj", "{D12C45B7-94E6-4139-8EC7-1F4C10DA9DA1}"
EndProject
Global
	GlobalSection(SolutionConfigurationPlatforms) = preSolution
		Debug|Any CPU = Debug|Any CPU
		Release|Any CPU = Release|Any CPU
	EndGlobalSection
	GlobalSection(ProjectConfigurationPlatforms) = postSolution
		{888FDCD4-7D5B-4043-9679-41A1216FDDB2}.Debug|Any CPU.ActiveCfg = Debug|Any CPU
		{888FDCD4-7D5B-4043-9679-41A1216FDDB2}.Debug|Any CPU.Build.0 = Debug|Any CPU
		{888FDCD4-7D5B-4043-9679-41A1216FDDB2}.Release|Any CPU.ActiveCfg = Release|Any CPU
		{888FDCD4-7D5B-4043-9679-41A1216FDDB2}.Release|Any CPU.Build.0 = Release|Any CPU
		{7D91F0B6-0A28-4DA9-BC69-048A80B53BEF}.Debug|Any CPU.ActiveCfg = Debug|Any CPU
		{7D91F0B6-0A28-4DA9-BC69-048A80B53BEF}.Debug|Any CPU.Build.0 = Debug|Any CPU
		{7D91F0B6-0A28-4DA9-BC69-048A80B53BEF}.Release|Any CPU.ActiveCfg = Release|Any CPU
		{7D91F0B6-0A28-4DA9-BC69-048A80B53BEF}.Release|Any CPU.Build.0 = Release|Any CPU
		{9CD2E8FC-A140-4FB9-9C6D-8D25C919B94C}.Debug|Any CPU.ActiveCfg = Debug|Any CPU
		{9CD2E8FC-A140-4FB9-9C6D-8D25C919B94C}.Debug|Any CPU.Build.0 = Debug|Any CPU
		{9CD2E8FC-A140-4FB9-9C6D-8D25C919B94C}.Release|Any CPU.ActiveCfg = Release|Any CPU
		{9CD2E8FC-A140-4FB9-9C6D-8D25C919B94C}.Release|Any CPU.Build.0 = Release|Any CPU
		{2838A6E4-6FEB-42B9-858C-90065D36FA2D}.Debug|Any CPU.ActiveCfg = Debug|Any CPU
		{2838A6E4-6FEB-42B9-858C-90065D36FA2D}.Debug|Any CPU.Build.0 = Debug|Any CPU
		{2838A6E4-6FEB-42B9-858C-90065D36FA2D}.Release|Any CPU.ActiveCfg = Release|Any CPU
		{2838A6E4-6FEB-42B9-858C-90065D36FA2D}.Release|Any CPU.Build.0 = Release|Any CPU
		{D12C45B7-94E6-4139-8EC7-1F4C10DA9DA1}.Debug|Any CPU.ActiveCfg = Debug|Any CPU
		{D12C45B7-94E6-4139-8EC7-1F4C10DA9DA1}.Debug|Any CPU.Build.0 = Debug|Any CPU
		{D12C45B7-94E6-4139-8EC7-1F4C10DA9DA1}.Release|Any CPU.ActiveCfg = Release|Any CPU
		{D12C45B7-94E6-4139-8EC7-1F4C10DA9DA1}.Release|Any CPU.Build.0 = Release|Any CPU
	EndGlobalSection
	GlobalSection(SolutionProperties) = preSolution
		HideSolutionNode = FALSE
	EndGlobalSection
	GlobalSection(ExtensibilityGlobals) = postSolution
		SolutionGuid = {82C484D4-4C37-49AB-A3C3-E42BC5241ADA}
	EndGlobalSection
EndGlobal
